
Microsoft Visual Studio Solution File, Format Version 12.00
# Visual Studio 15
VisualStudioVersion = 15.0.27703.2047
MinimumVisualStudioVersion = 10.0.40219.1
Project("{FAE04EC0-301F-11D3-BF4B-00C04F79EFBC}") = "Tallerapi.api", "Tallerapi.api\Tallerapi.api.csproj", "{5A9EF96F-168C-4CE8-90AF-A52B5EDEFA1B}"
EndProject
Global
	GlobalSection(SolutionConfigurationPlatforms) = preSolution
		Debug|Any CPU = Debug|Any CPU
		Release|Any CPU = Release|Any CPU
	EndGlobalSection
	GlobalSection(ProjectConfigurationPlatforms) = postSolution
		{5A9EF96F-168C-4CE8-90AF-A52B5EDEFA1B}.Debug|Any CPU.ActiveCfg = Debug|Any CPU
		{5A9EF96F-168C-4CE8-90AF-A52B5EDEFA1B}.Debug|Any CPU.Build.0 = Debug|Any CPU
		{5A9EF96F-168C-4CE8-90AF-A52B5EDEFA1B}.Release|Any CPU.ActiveCfg = Release|Any CPU
		{5A9EF96F-168C-4CE8-90AF-A52B5EDEFA1B}.Release|Any CPU.Build.0 = Release|Any CPU
	EndGlobalSection
	GlobalSection(SolutionProperties) = preSolution
		HideSolutionNode = FALSE
	EndGlobalSection
	GlobalSection(ExtensibilityGlobals) = postSolution
		SolutionGuid = {18210D7F-4B68-4251-AE72-71F2DF7841E0}
	EndGlobalSection
EndGlobal
